
Microsoft Visual Studio Solution File, Format Version 12.00
# Visual Studio Version 17
VisualStudioVersion = 17.7.34221.43
MinimumVisualStudioVersion = 10.0.40219.1
Project("{FAE04EC0-301F-11D3-BF4B-00C04F79EFBC}") = "DotNet7YoutubeApi", "DotNetYoutubeApi\DotNet7YoutubeApi.csproj", "{889BB590-DC22-4D2D-87B4-D8330C7434BA}"
EndProject
Global
	GlobalSection(SolutionConfigurationPlatforms) = preSolution
		Debug|Any CPU = Debug|Any CPU
		Release|Any CPU = Release|Any CPU
	EndGlobalSection
	GlobalSection(ProjectConfigurationPlatforms) = postSolution
		{889BB590-DC22-4D2D-87B4-D8330C7434BA}.Debug|Any CPU.ActiveCfg = Debug|Any CPU
		{889BB590-DC22-4D2D-87B4-D8330C7434BA}.Debug|Any CPU.Build.0 = Debug|Any CPU
		{889BB590-DC22-4D2D-87B4-D8330C7434BA}.Release|Any CPU.ActiveCfg = Release|Any CPU
		{889BB590-DC22-4D2D-87B4-D8330C7434BA}.Release|Any CPU.Build.0 = Release|Any CPU
	EndGlobalSection
	GlobalSection(SolutionProperties) = preSolution
		HideSolutionNode = FALSE
	EndGlobalSection
	GlobalSection(ExtensibilityGlobals) = postSolution
		SolutionGuid = {EF426884-478C-4B7E-931F-281D6A9446ED}
	EndGlobalSection
EndGlobal
